<?xml version="1.0" encoding="utf-8"?>
<Project ToolsVersion="4.0" xmlns="http://schemas.microsoft.com/developer/msbuild/2003">
  <ItemGroup>
    <Filter Include="Source Files">
      <UniqueIdentifier>{4FC737F1-C7A5-4376-A066-2A32D752A2FF}</UniqueIdentifier>
      <Extensions>cpp;c;cc;cxx;def;odl;idl;hpj;bat;asm;asmx</Extensions>
    </Filter>
    <Filter Include="Header Files">
      <UniqueIdentifier>{93995380-89BD-4b04-88EB-625FBE52EBFB}</UniqueIdentifier>
      <Extensions>h;hh;hpp;hxx;hm;inl;inc;xsd</Extensions>
    </Filter>
    <Filter Include="Resource Files">
      <UniqueIdentifier>{67DA6AB6-F800-4c08-8B7A-83BB121AAD01}</UniqueIdentifier>
      <Extensions>rc;ico;cur;bmp;dlg;rc2;rct;bin;rgs;gif;jpg;jpeg;jpe;resx;tiff;tif;png;wav;mfcribbon-ms</Extensions>
    </Filter>
    <Filter Include="Header Files\work">
      <UniqueIdentifier>{37c6dac6-889b-43a5-af7e-ea96e36a8c1d}</UniqueIdentifier>
    </Filter>
    <Filter Include="Header Files\util">
      <UniqueIdentifier>{eb72ea54-5f05-48bf-9dea-f751543e2e19}</UniqueIdentifier>
    </Filter>
  </ItemGroup>
  <ItemGroup>
    <ClInclude Include="..\src\Node.h">
      <Filter>Header Files</Filter>
    </ClInclude>
    <ClInclude Include="..\src\Device.h">
      <Filter>Header Files</Filter>
    </ClInclude>
    <ClInclude Include="..\src\Hub.h">
      <Filter>Header Files</Filter>
    </ClInclude>
    <ClInclude Include="..\src\HubTrace.h">
      <Filter>Header Files</Filter>
    </ClInclude>
    <ClInclude Include="..\src\HubID.h">
      <Filter>Header Files</Filter>
    </ClInclude>
    <ClInclude Include="..\src\Hub1.h">
      <Filter>Header Files\work</Filter>
    </ClInclude>
    <ClInclude Include="..\src\Hub-work.h">
      <Filter>Header Files\work</Filter>
    </ClInclude>
    <ClInclude Include="..\src\NodeDistributer.h">
      <Filter>Header Files\work</Filter>
    </ClInclude>
    <ClInclude Include="..\src\Collector.h">
      <Filter>Header Files\util</Filter>
    </ClInclude>
    <ClInclude Include="..\src\Collection.h">
      <Filter>Header Files\util</Filter>
    </ClInclude>
    <ClInclude Include="..\src\SynchronizedMap.h">
      <Filter>Header Files\util</Filter>
    </ClInclude>
    <ClInclude Include="..\src\LocalCollection.h">
      <Filter>Header Files\util</Filter>
    </ClInclude>
    <ClInclude Include="..\src\Distributer.h">
      <Filter>Header Files\util</Filter>
    </ClInclude>
    <ClInclude Include="..\src\LocalHub.h">
      <Filter>Header Files</Filter>
    </ClInclude>
    <ClInclude Include="..\src\LocalDeviceHub.h">
      <Filter>Header Files</Filter>
    </ClInclude>
    <ClInclude Include="..\src\DeviceCollection.h">
      <Filter>Header Files</Filter>
    </ClInclude>
    <ClInclude Include="..\src\DeviceHub.h">
      <Filter>Header Files</Filter>
    </ClInclude>
    <ClInclude Include="..\src\LocalDevice.h">
      <Filter>Header Files</Filter>
    </ClInclude>
  </ItemGroup>
  <ItemGroup>
    <ClCompile Include="..\src\main.cpp">
      <Filter>Source Files</Filter>
    </ClCompile>
    <ClCompile Include="..\..\..\src\DeviceID.cpp">
      <Filter>Source Files</Filter>
    </ClCompile>
    <ClCompile Include="..\..\..\src\utils.cpp">
      <Filter>Source Files</Filter>
    </ClCompile>
  </ItemGroup>
</Project>