<?xml version="1.0" encoding="utf-8"?>
<Project ToolsVersion="4.0" xmlns="http://schemas.microsoft.com/developer/msbuild/2003">
  <ItemGroup>
    <Filter Include="Source Files">
      <UniqueIdentifier>{4FC737F1-C7A5-4376-A066-2A32D752A2FF}</UniqueIdentifier>
      <Extensions>cpp;c;cc;cxx;def;odl;idl;hpj;bat;asm;asmx</Extensions>
    </Filter>
    <Filter Include="Header Files">
      <UniqueIdentifier>{93995380-89BD-4b04-88EB-625FBE52EBFB}</UniqueIdentifier>
      <Extensions>h;hh;hpp;hxx;hm;inl;inc;xsd</Extensions>
    </Filter>
    <Filter Include="Resource Files">
      <UniqueIdentifier>{67DA6AB6-F800-4c08-8B7A-83BB121AAD01}</UniqueIdentifier>
      <Extensions>rc;ico;cur;bmp;dlg;rc2;rct;bin;rgs;gif;jpg;jpeg;jpe;resx;tiff;tif;png;wav;mfcribbon-ms</Extensions>
    </Filter>
    <Filter Include="Header Files\device">
      <UniqueIdentifier>{14dcfe54-8bed-426c-9057-24fb198a8d09}</UniqueIdentifier>
    </Filter>
    <Filter Include="Header Files\engine">
      <UniqueIdentifier>{4dc773dd-6861-47a7-a82c-3add23147545}</UniqueIdentifier>
    </Filter>
    <Filter Include="Header Files\fwd">
      <UniqueIdentifier>{1ee809cc-10a1-4ad2-b8f4-d5246a973b2d}</UniqueIdentifier>
    </Filter>
    <Filter Include="Header Files\utils">
      <UniqueIdentifier>{c5bff5ec-d540-45a1-9559-d1a8ffc1946a}</UniqueIdentifier>
    </Filter>
    <Filter Include="Source Files\device">
      <UniqueIdentifier>{e1c90206-02eb-47d3-94e7-1035ded43657}</UniqueIdentifier>
    </Filter>
    <Filter Include="Source Files\engine">
      <UniqueIdentifier>{6b2ff83c-5c90-4e13-b87d-5b77111dea64}</UniqueIdentifier>
    </Filter>
    <Filter Include="Source Files\utils">
      <UniqueIdentifier>{65bce91e-9285-4330-9e95-19286709d053}</UniqueIdentifier>
    </Filter>
    <Filter Include="Header Files\device\Events">
      <UniqueIdentifier>{d2f2fc2c-bc0f-4d66-a04a-168509a904dd}</UniqueIdentifier>
    </Filter>
    <Filter Include="Source Files\device\events">
      <UniqueIdentifier>{7765f8d1-ad61-4c15-ac84-baf01e0f911d}</UniqueIdentifier>
    </Filter>
  </ItemGroup>
  <ItemGroup>
    <ClCompile Include="..\src\utils.cpp">
      <Filter>Source Files\utils</Filter>
    </ClCompile>
    <ClCompile Include="..\src\MixedValue.cpp">
      <Filter>Source Files\utils</Filter>
    </ClCompile>
    <ClCompile Include="..\src\DeviceID.cpp">
      <Filter>Source Files\device</Filter>
    </ClCompile>
    <ClCompile Include="..\src\LocalDevice.cpp">
      <Filter>Source Files\device</Filter>
    </ClCompile>
    <ClCompile Include="..\src\DeviceEvent.cpp">
      <Filter>Source Files\device\events</Filter>
    </ClCompile>
    <ClCompile Include="..\src\DeviceEventReceiver.cpp">
      <Filter>Source Files\device\events</Filter>
    </ClCompile>
    <ClCompile Include="..\src\LocalDeviceEventHandler.cpp">
      <Filter>Source Files\device\events</Filter>
    </ClCompile>
    <ClCompile Include="..\src\LocalDeviceEventDispatcher.cpp">
      <Filter>Source Files\device\events</Filter>
    </ClCompile>
    <ClCompile Include="..\src\DeviceEventParser.cpp">
      <Filter>Source Files\engine</Filter>
    </ClCompile>
    <ClCompile Include="..\src\EngineParsingError.cpp">
      <Filter>Source Files\engine</Filter>
    </ClCompile>
    <ClCompile Include="..\src\EventEngineDependencyTree.cpp">
      <Filter>Source Files\engine</Filter>
    </ClCompile>
    <ClCompile Include="..\src\EventEngineManager.cpp">
      <Filter>Source Files\engine</Filter>
    </ClCompile>
    <ClCompile Include="..\src\EventEngineParser.cpp">
      <Filter>Source Files\engine</Filter>
    </ClCompile>
    <ClCompile Include="..\src\EventEngineStateMachine.cpp">
      <Filter>Source Files\engine</Filter>
    </ClCompile>
    <ClCompile Include="..\src\LocalEventEngine.cpp">
      <Filter>Source Files\engine</Filter>
    </ClCompile>
    <ClCompile Include="..\src\LocalEventEngineJob.cpp">
      <Filter>Source Files\engine</Filter>
    </ClCompile>
    <ClCompile Include="..\src\LocalEventEngineScheduler.cpp">
      <Filter>Source Files\engine</Filter>
    </ClCompile>
    <ClCompile Include="..\src\Measurement.cpp">
      <Filter>Source Files\engine</Filter>
    </ClCompile>
    <ClCompile Include="..\src\RawEvent.cpp">
      <Filter>Source Files\engine</Filter>
    </ClCompile>
    <ClCompile Include="..\src\SynchronousEvent.cpp">
      <Filter>Source Files\engine</Filter>
    </ClCompile>
    <ClCompile Include="..\src\LocalChannel.cpp">
      <Filter>Source Files\device</Filter>
    </ClCompile>
    <ClCompile Include="..\src\LocalChannelManager.cpp">
      <Filter>Source Files\device</Filter>
    </ClCompile>
  </ItemGroup>
  <ItemGroup>
    <ClInclude Include="..\src\Channel.h">
      <Filter>Header Files\device</Filter>
    </ClInclude>
    <ClInclude Include="..\src\MixedValue.h">
      <Filter>Header Files\utils</Filter>
    </ClInclude>
    <ClInclude Include="..\..\..\include\Device.h">
      <Filter>Header Files\device</Filter>
    </ClInclude>
    <ClInclude Include="..\..\..\include\DeviceID.h">
      <Filter>Header Files\device</Filter>
    </ClInclude>
    <ClInclude Include="..\..\..\include\SynchronizedMap.h">
      <Filter>Header Files\utils</Filter>
    </ClInclude>
    <ClInclude Include="..\..\..\include\utils.h">
      <Filter>Header Files\utils</Filter>
    </ClInclude>
    <ClInclude Include="..\..\..\include\EventQueue.h">
      <Filter>Header Files\utils</Filter>
    </ClInclude>
    <ClInclude Include="..\..\..\include\Collection.h">
      <Filter>Header Files\utils</Filter>
    </ClInclude>
    <ClInclude Include="..\..\..\include\Collector.h">
      <Filter>Header Files\utils</Filter>
    </ClInclude>
    <ClInclude Include="..\src\utils\DependencyTree.h">
      <Filter>Header Files\utils</Filter>
    </ClInclude>
    <ClInclude Include="..\src\utils\GraphPathLabel.h">
      <Filter>Header Files\utils</Filter>
    </ClInclude>
    <ClInclude Include="..\src\utils\OrderedBufferMap.h">
      <Filter>Header Files\utils</Filter>
    </ClInclude>
    <ClInclude Include="..\src\fwd\Channel_fwd.h">
      <Filter>Header Files\fwd</Filter>
    </ClInclude>
    <ClInclude Include="..\src\fwd\DeviceEventParser_fwd.h">
      <Filter>Header Files\fwd</Filter>
    </ClInclude>
    <ClInclude Include="..\src\fwd\DeviceID_fwd.h">
      <Filter>Header Files\fwd</Filter>
    </ClInclude>
    <ClInclude Include="..\src\fwd\Measurement_fwd.h">
      <Filter>Header Files\fwd</Filter>
    </ClInclude>
    <ClInclude Include="..\src\fwd\MixedValue_fwd.h">
      <Filter>Header Files\fwd</Filter>
    </ClInclude>
    <ClInclude Include="..\src\fwd\RawEvent_fwd.h">
      <Filter>Header Files\fwd</Filter>
    </ClInclude>
    <ClInclude Include="..\src\fwd\SynchronousEvent_fwd.h">
      <Filter>Header Files\fwd</Filter>
    </ClInclude>
    <ClInclude Include="..\..\..\include\LocalDevice.h">
      <Filter>Header Files\device</Filter>
    </ClInclude>
    <ClInclude Include="..\src\DeviceEvent.h">
      <Filter>Header Files\device\Events</Filter>
    </ClInclude>
    <ClInclude Include="..\src\DeviceEventListener.h">
      <Filter>Header Files\device\Events</Filter>
    </ClInclude>
    <ClInclude Include="..\src\DeviceEventDispatcher.h">
      <Filter>Header Files\device\Events</Filter>
    </ClInclude>
    <ClInclude Include="..\src\DeviceEventReceiver.h">
      <Filter>Header Files\device\Events</Filter>
    </ClInclude>
    <ClInclude Include="..\src\DeviceEventHandler.h">
      <Filter>Header Files\device\Events</Filter>
    </ClInclude>
    <ClInclude Include="..\src\LocalDeviceEventHandler.h">
      <Filter>Header Files\device\Events</Filter>
    </ClInclude>
    <ClInclude Include="..\src\LocalDeviceEventDispatcher.h">
      <Filter>Header Files\device\Events</Filter>
    </ClInclude>
    <ClInclude Include="..\src\DeviceEventListenerGroup.h">
      <Filter>Header Files\device\Events</Filter>
    </ClInclude>
    <ClInclude Include="..\src\MessageGenerator.h">
      <Filter>Header Files\device\Events</Filter>
    </ClInclude>
    <ClInclude Include="..\src\DeviceTrace.h">
      <Filter>Header Files\device</Filter>
    </ClInclude>
    <ClInclude Include="..\src\DeviceEventParser.h">
      <Filter>Header Files\engine</Filter>
    </ClInclude>
    <ClInclude Include="..\src\EngineID.h">
      <Filter>Header Files\engine</Filter>
    </ClInclude>
    <ClInclude Include="..\src\EngineJobID.h">
      <Filter>Header Files\engine</Filter>
    </ClInclude>
    <ClInclude Include="..\src\EngineJobQueue.h">
      <Filter>Header Files\engine</Filter>
    </ClInclude>
    <ClInclude Include="..\src\EngineParsingError.h">
      <Filter>Header Files\engine</Filter>
    </ClInclude>
    <ClInclude Include="..\src\EngineState.h">
      <Filter>Header Files\engine</Filter>
    </ClInclude>
    <ClInclude Include="..\src\EventConflictException.h">
      <Filter>Header Files\engine</Filter>
    </ClInclude>
    <ClInclude Include="..\src\EventEngine.h">
      <Filter>Header Files\engine</Filter>
    </ClInclude>
    <ClInclude Include="..\src\EventEngineDependencyTree.h">
      <Filter>Header Files\engine</Filter>
    </ClInclude>
    <ClInclude Include="..\src\EventEngineFactory.h">
      <Filter>Header Files\engine</Filter>
    </ClInclude>
    <ClInclude Include="..\src\EventEngineJob.h">
      <Filter>Header Files\engine</Filter>
    </ClInclude>
    <ClInclude Include="..\src\EventEngineManager.h">
      <Filter>Header Files\engine</Filter>
    </ClInclude>
    <ClInclude Include="..\src\EventEngineParser.h">
      <Filter>Header Files\engine</Filter>
    </ClInclude>
    <ClInclude Include="..\src\EventEngineScheduler.h">
      <Filter>Header Files\engine</Filter>
    </ClInclude>
    <ClInclude Include="..\src\EventEngineStateMachine.h">
      <Filter>Header Files\engine</Filter>
    </ClInclude>
    <ClInclude Include="..\src\EventParsingException.h">
      <Filter>Header Files\engine</Filter>
    </ClInclude>
    <ClInclude Include="..\src\EventStackTrace.h">
      <Filter>Header Files\engine</Filter>
    </ClInclude>
    <ClInclude Include="..\src\LocalEventEngine.h">
      <Filter>Header Files\engine</Filter>
    </ClInclude>
    <ClInclude Include="..\src\LocalEventEngineFactory.h">
      <Filter>Header Files\engine</Filter>
    </ClInclude>
    <ClInclude Include="..\src\LocalEventEngineJob.h">
      <Filter>Header Files\engine</Filter>
    </ClInclude>
    <ClInclude Include="..\src\LocalEventEngineScheduler.h">
      <Filter>Header Files\engine</Filter>
    </ClInclude>
    <ClInclude Include="..\src\LocalParsedShot.h">
      <Filter>Header Files\engine</Filter>
    </ClInclude>
    <ClInclude Include="..\src\LocalTriggerCallback.h">
      <Filter>Header Files\engine</Filter>
    </ClInclude>
    <ClInclude Include="..\src\Measurement.h">
      <Filter>Header Files\engine</Filter>
    </ClInclude>
    <ClInclude Include="..\src\ParsedShot.h">
      <Filter>Header Files\engine</Filter>
    </ClInclude>
    <ClInclude Include="..\src\ParseID.h">
      <Filter>Header Files\engine</Filter>
    </ClInclude>
    <ClInclude Include="..\src\RawEvent.h">
      <Filter>Header Files\engine</Filter>
    </ClInclude>
    <ClInclude Include="..\src\ResultTicket.h">
      <Filter>Header Files\engine</Filter>
    </ClInclude>
    <ClInclude Include="..\src\ShotID.h">
      <Filter>Header Files\engine</Filter>
    </ClInclude>
    <ClInclude Include="..\src\STI_Exception.h">
      <Filter>Header Files\engine</Filter>
    </ClInclude>
    <ClInclude Include="..\src\SynchronousEvent.h">
      <Filter>Header Files\engine</Filter>
    </ClInclude>
    <ClInclude Include="..\src\TimeStamp.h">
      <Filter>Header Files\engine</Filter>
    </ClInclude>
    <ClInclude Include="..\src\TriggerCallback.h">
      <Filter>Header Files\engine</Filter>
    </ClInclude>
    <ClInclude Include="..\src\ChannelManager.h">
      <Filter>Header Files\device</Filter>
    </ClInclude>
    <ClInclude Include="..\src\LocalChannel.h">
      <Filter>Header Files\device</Filter>
    </ClInclude>
    <ClInclude Include="..\src\LocalChannelManager.h">
      <Filter>Header Files\device</Filter>
    </ClInclude>
  </ItemGroup>
</Project>