
Microsoft Visual Studio Solution File, Format Version 12.00
# Visual Studio Version 16
VisualStudioVersion = 16.0.32510.428
MinimumVisualStudioVersion = 10.0.40219.1
Project("{888888A0-9F3D-457C-B088-3A5042F75D52}") = "testDevice", "testDevice.pyproj", "{64D52356-9FA8-47A5-9274-B47E35295163}"
EndProject
Global
	GlobalSection(SolutionConfigurationPlatforms) = preSolution
		Debug|Any CPU = Debug|Any CPU
		Release|Any CPU = Release|Any CPU
	EndGlobalSection
	GlobalSection(ProjectConfigurationPlatforms) = postSolution
		{64D52356-9FA8-47A5-9274-B47E35295163}.Debug|Any CPU.ActiveCfg = Debug|Any CPU
		{64D52356-9FA8-47A5-9274-B47E35295163}.Release|Any CPU.ActiveCfg = Release|Any CPU
	EndGlobalSection
	GlobalSection(SolutionProperties) = preSolution
		HideSolutionNode = FALSE
	EndGlobalSection
	GlobalSection(ExtensibilityGlobals) = postSolution
		SolutionGuid = {5D46D103-721E-4AD5-BE12-A94F70533B15}
	EndGlobalSection
EndGlobal
