<?xml version="1.0" encoding="utf-8"?>
<Project ToolsVersion="4.0" xmlns="http://schemas.microsoft.com/developer/msbuild/2003">
  <ItemGroup>
    <Filter Include="Source Files">
      <UniqueIdentifier>{4FC737F1-C7A5-4376-A066-2A32D752A2FF}</UniqueIdentifier>
      <Extensions>cpp;c;cc;cxx;def;odl;idl;hpj;bat;asm;asmx</Extensions>
    </Filter>
    <Filter Include="Header Files">
      <UniqueIdentifier>{93995380-89BD-4b04-88EB-625FBE52EBFB}</UniqueIdentifier>
      <Extensions>h;hh;hpp;hxx;hm;inl;inc;xsd</Extensions>
    </Filter>
    <Filter Include="Resource Files">
      <UniqueIdentifier>{67DA6AB6-F800-4c08-8B7A-83BB121AAD01}</UniqueIdentifier>
      <Extensions>rc;ico;cur;bmp;dlg;rc2;rct;bin;rgs;gif;jpg;jpeg;jpe;resx;tiff;tif;png;wav;mfcribbon-ms</Extensions>
    </Filter>
    <Filter Include="Header Files\fwd">
      <UniqueIdentifier>{bcb2d8ae-9c09-4273-8fb7-7491c3cd61b2}</UniqueIdentifier>
    </Filter>
    <Filter Include="Header Files\utils">
      <UniqueIdentifier>{14521d0e-add7-4c78-8170-fed48040d97f}</UniqueIdentifier>
    </Filter>
    <Filter Include="Header Files\engine">
      <UniqueIdentifier>{4bc091f3-f221-4af9-951e-82f2732d9642}</UniqueIdentifier>
    </Filter>
    <Filter Include="Header Files\device">
      <UniqueIdentifier>{8bb17839-f30d-458c-a8a1-83c7e4c6aae1}</UniqueIdentifier>
    </Filter>
    <Filter Include="Source Files\engine">
      <UniqueIdentifier>{b9f41855-461f-4810-b4d8-de9eedc3da1e}</UniqueIdentifier>
    </Filter>
    <Filter Include="Source Files\device">
      <UniqueIdentifier>{b9f32ecd-d51a-4dd8-88ed-1c93b2f2f6c0}</UniqueIdentifier>
    </Filter>
    <Filter Include="Source Files\utils">
      <UniqueIdentifier>{bffc1aec-b223-40af-ba99-56f2df51a848}</UniqueIdentifier>
    </Filter>
  </ItemGroup>
  <ItemGroup>
    <ClCompile Include="..\src\test.cpp">
      <Filter>Source Files</Filter>
    </ClCompile>
    <ClCompile Include="..\src\DeviceEventParser.cpp">
      <Filter>Source Files\engine</Filter>
    </ClCompile>
    <ClCompile Include="..\src\EngineParsingError.cpp">
      <Filter>Source Files\engine</Filter>
    </ClCompile>
    <ClCompile Include="..\src\EventEngineParser.cpp">
      <Filter>Source Files\engine</Filter>
    </ClCompile>
    <ClCompile Include="..\src\EventEngine.cpp">
      <Filter>Source Files\engine</Filter>
    </ClCompile>
    <ClCompile Include="..\src\EventEngineStateMachine.cpp">
      <Filter>Source Files\engine</Filter>
    </ClCompile>
    <ClCompile Include="..\src\RawEvent.cpp">
      <Filter>Source Files\engine</Filter>
    </ClCompile>
    <ClCompile Include="..\src\SynchronousEvent.cpp">
      <Filter>Source Files\engine</Filter>
    </ClCompile>
    <ClCompile Include="..\src\Measurement.cpp">
      <Filter>Source Files\engine</Filter>
    </ClCompile>
    <ClCompile Include="..\src\Channel.cpp">
      <Filter>Source Files\device</Filter>
    </ClCompile>
    <ClCompile Include="..\src\DeviceID.cpp">
      <Filter>Source Files\device</Filter>
    </ClCompile>
    <ClCompile Include="..\src\MixedValue.cpp">
      <Filter>Source Files\utils</Filter>
    </ClCompile>
    <ClCompile Include="..\src\utils.cpp">
      <Filter>Source Files\utils</Filter>
    </ClCompile>
    <ClCompile Include="..\src\main.cpp">
      <Filter>Source Files</Filter>
    </ClCompile>
    <ClCompile Include="..\src\testcollection.cpp">
      <Filter>Source Files</Filter>
    </ClCompile>
    <ClCompile Include="..\src\testOrderedBufferMap.cpp">
      <Filter>Source Files</Filter>
    </ClCompile>
  </ItemGroup>
  <ItemGroup>
    <ClInclude Include="..\include\utils.h">
      <Filter>Header Files\utils</Filter>
    </ClInclude>
    <ClInclude Include="..\src\utils\DependencyTree.h">
      <Filter>Header Files\utils</Filter>
    </ClInclude>
    <ClInclude Include="..\src\utils\SynchronizedMap.h">
      <Filter>Header Files\utils</Filter>
    </ClInclude>
    <ClInclude Include="..\src\utils\EventQueue.h">
      <Filter>Header Files\utils</Filter>
    </ClInclude>
    <ClInclude Include="..\src\utils\OrderedBufferMap.h">
      <Filter>Header Files\utils</Filter>
    </ClInclude>
    <ClInclude Include="..\src\fwd\DeviceEventParser_fwd.h">
      <Filter>Header Files\fwd</Filter>
    </ClInclude>
    <ClInclude Include="..\src\fwd\DeviceID_fwd.h">
      <Filter>Header Files\fwd</Filter>
    </ClInclude>
    <ClInclude Include="..\src\fwd\Measurement_fwd.h">
      <Filter>Header Files\fwd</Filter>
    </ClInclude>
    <ClInclude Include="..\src\fwd\RawEvent_fwd.h">
      <Filter>Header Files\fwd</Filter>
    </ClInclude>
    <ClInclude Include="..\src\fwd\SynchronousEvent_fwd.h">
      <Filter>Header Files\fwd</Filter>
    </ClInclude>
    <ClInclude Include="..\src\fwd\Channel_fwd.h">
      <Filter>Header Files\fwd</Filter>
    </ClInclude>
    <ClInclude Include="..\src\utils\GraphPathLabel.h">
      <Filter>Header Files\utils</Filter>
    </ClInclude>
    <ClInclude Include="..\include\MixedValue.h">
      <Filter>Header Files\utils</Filter>
    </ClInclude>
    <ClInclude Include="..\src\fwd\MixedValue_fwd.h">
      <Filter>Header Files\fwd</Filter>
    </ClInclude>
    <ClInclude Include="..\include\EventEngine.h">
      <Filter>Header Files\engine</Filter>
    </ClInclude>
    <ClInclude Include="..\include\ParserCallback.h">
      <Filter>Header Files\engine</Filter>
    </ClInclude>
    <ClInclude Include="..\include\Measurement.h">
      <Filter>Header Files\engine</Filter>
    </ClInclude>
    <ClInclude Include="..\src\ParseID.h">
      <Filter>Header Files\engine</Filter>
    </ClInclude>
    <ClInclude Include="..\include\Channel.h">
      <Filter>Header Files\device</Filter>
    </ClInclude>
    <ClInclude Include="..\src\DeviceEventParser.h">
      <Filter>Header Files\engine</Filter>
    </ClInclude>
    <ClInclude Include="..\include\DeviceID.h">
      <Filter>Header Files\device</Filter>
    </ClInclude>
    <ClInclude Include="..\src\TriggerCallback.h">
      <Filter>Header Files\engine</Filter>
    </ClInclude>
    <ClInclude Include="..\src\EngineID.h">
      <Filter>Header Files\engine</Filter>
    </ClInclude>
    <ClInclude Include="..\src\EngineParsingError.h">
      <Filter>Header Files\engine</Filter>
    </ClInclude>
    <ClInclude Include="..\include\EngineState.h">
      <Filter>Header Files\engine</Filter>
    </ClInclude>
    <ClInclude Include="..\src\EventConflictException.h">
      <Filter>Header Files\engine</Filter>
    </ClInclude>
    <ClInclude Include="..\include\EventEngineParser.h">
      <Filter>Header Files\engine</Filter>
    </ClInclude>
    <ClInclude Include="..\src\EventEngineStateMachine.h">
      <Filter>Header Files\engine</Filter>
    </ClInclude>
    <ClInclude Include="..\src\EventParsingException.h">
      <Filter>Header Files\engine</Filter>
    </ClInclude>
    <ClInclude Include="..\src\StackTrace.h">
      <Filter>Header Files\engine</Filter>
    </ClInclude>
    <ClInclude Include="..\include\RawEvent.h">
      <Filter>Header Files\engine</Filter>
    </ClInclude>
    <ClInclude Include="..\src\ResultTicket.h">
      <Filter>Header Files\engine</Filter>
    </ClInclude>
    <ClInclude Include="..\src\ShotID.h">
      <Filter>Header Files\engine</Filter>
    </ClInclude>
    <ClInclude Include="..\src\STI_Exception.h">
      <Filter>Header Files\engine</Filter>
    </ClInclude>
    <ClInclude Include="..\include\SynchronousEvent.h">
      <Filter>Header Files\engine</Filter>
    </ClInclude>
    <ClInclude Include="..\src\TimeStamp.h">
      <Filter>Header Files\engine</Filter>
    </ClInclude>
    <ClInclude Include="..\src\utils\Collection.h">
      <Filter>Header Files\utils</Filter>
    </ClInclude>
    <ClInclude Include="..\src\utils\Collector.h">
      <Filter>Header Files\utils</Filter>
    </ClInclude>
  </ItemGroup>
</Project>